
Microsoft Visual Studio Solution File, Format Version 12.00
# Visual Studio Version 16
VisualStudioVersion = 16.0.30804.86
MinimumVisualStudioVersion = 10.0.40219.1
Project("{9A19103F-16F7-4668-BE54-9A1E7A4F7556}") = "ME2Randomizer", "ME2Randomizer\ME2Randomizer.csproj", "{511D9B72-B2BB-4FA7-869A-0F59F5881404}"
EndProject
Project("{9A19103F-16F7-4668-BE54-9A1E7A4F7556}") = "ALOTInstallerCore", "ALOTInstaller\ALOTInstallerCore\ALOTInstallerCore.csproj", "{976A556C-EF1C-4142-B31B-2581DECB94FC}"
EndProject
Project("{9A19103F-16F7-4668-BE54-9A1E7A4F7556}") = "MahApps.Metro", "ALOTInstaller\MahApps.Metro\src\MahApps.Metro\MahApps.Metro.csproj", "{1C87C456-5A37-4D44-B99A-329E5ED70A9C}"
EndProject
Project("{9A19103F-16F7-4668-BE54-9A1E7A4F7556}") = "ComputerInfo", "ALOTInstaller\ComputerInfo\ComputerInfo\ComputerInfo.csproj", "{A529C5E4-39D6-49F9-95F2-7F114CA72C74}"
EndProject
Project("{9A19103F-16F7-4668-BE54-9A1E7A4F7556}") = "ME3ExplorerCore", "ALOTInstaller\ME3ExplorerLib\ME3ExplorerCore\ME3ExplorerCore.csproj", "{290D3D88-C2F2-4760-AF9D-F491D8437E4A}"
EndProject
Global
	GlobalSection(SolutionConfigurationPlatforms) = preSolution
		Debug|x64 = Debug|x64
		LinuxDebug|x64 = LinuxDebug|x64
		LinuxRelease|x64 = LinuxRelease|x64
		MacDebug|x64 = MacDebug|x64
		MacRelease|x64 = MacRelease|x64
		ME2Debug|x64 = ME2Debug|x64
		ME2Release|x64 = ME2Release|x64
		Release|x64 = Release|x64
		WinAzureRelease|x64 = WinAzureRelease|x64
		WinAzureTest|x64 = WinAzureTest|x64
		WinDebug|x64 = WinDebug|x64
		WinRelease|x64 = WinRelease|x64
		WPFDebug|x64 = WPFDebug|x64
		WPFRelease|x64 = WPFRelease|x64
	EndGlobalSection
	GlobalSection(ProjectConfigurationPlatforms) = postSolution
		{511D9B72-B2BB-4FA7-869A-0F59F5881404}.Debug|x64.ActiveCfg = ME2Debug|x64
		{511D9B72-B2BB-4FA7-869A-0F59F5881404}.Debug|x64.Build.0 = ME2Debug|x64
		{511D9B72-B2BB-4FA7-869A-0F59F5881404}.LinuxDebug|x64.ActiveCfg = ME2Debug|x64
		{511D9B72-B2BB-4FA7-869A-0F59F5881404}.LinuxDebug|x64.Build.0 = ME2Debug|x64
		{511D9B72-B2BB-4FA7-869A-0F59F5881404}.LinuxRelease|x64.ActiveCfg = ME2Release|x64
		{511D9B72-B2BB-4FA7-869A-0F59F5881404}.LinuxRelease|x64.Build.0 = ME2Release|x64
		{511D9B72-B2BB-4FA7-869A-0F59F5881404}.MacDebug|x64.ActiveCfg = ME2Debug|x64
		{511D9B72-B2BB-4FA7-869A-0F59F5881404}.MacDebug|x64.Build.0 = ME2Debug|x64
		{511D9B72-B2BB-4FA7-869A-0F59F5881404}.MacRelease|x64.ActiveCfg = ME2Release|x64
		{511D9B72-B2BB-4FA7-869A-0F59F5881404}.MacRelease|x64.Build.0 = ME2Release|x64
		{511D9B72-B2BB-4FA7-869A-0F59F5881404}.ME2Debug|x64.ActiveCfg = ME2Debug|x64
		{511D9B72-B2BB-4FA7-869A-0F59F5881404}.ME2Debug|x64.Build.0 = ME2Debug|x64
		{511D9B72-B2BB-4FA7-869A-0F59F5881404}.ME2Release|x64.ActiveCfg = ME2Release|x64
		{511D9B72-B2BB-4FA7-869A-0F59F5881404}.ME2Release|x64.Build.0 = ME2Release|x64
		{511D9B72-B2BB-4FA7-869A-0F59F5881404}.Release|x64.ActiveCfg = ME2Release|x64
		{511D9B72-B2BB-4FA7-869A-0F59F5881404}.Release|x64.Build.0 = ME2Release|x64
		{511D9B72-B2BB-4FA7-869A-0F59F5881404}.WinAzureRelease|x64.ActiveCfg = ME2Release|x64
		{511D9B72-B2BB-4FA7-869A-0F59F5881404}.WinAzureRelease|x64.Build.0 = ME2Release|x64
		{511D9B72-B2BB-4FA7-869A-0F59F5881404}.WinAzureTest|x64.ActiveCfg = ME2Release|x64
		{511D9B72-B2BB-4FA7-869A-0F59F5881404}.WinAzureTest|x64.Build.0 = ME2Release|x64
		{511D9B72-B2BB-4FA7-869A-0F59F5881404}.WinDebug|x64.ActiveCfg = ME2Debug|x64
		{511D9B72-B2BB-4FA7-869A-0F59F5881404}.WinDebug|x64.Build.0 = ME2Debug|x64
		{511D9B72-B2BB-4FA7-869A-0F59F5881404}.WinRelease|x64.ActiveCfg = ME2Release|x64
		{511D9B72-B2BB-4FA7-869A-0F59F5881404}.WinRelease|x64.Build.0 = ME2Release|x64
		{511D9B72-B2BB-4FA7-869A-0F59F5881404}.WPFDebug|x64.ActiveCfg = ME2Debug|x64
		{511D9B72-B2BB-4FA7-869A-0F59F5881404}.WPFDebug|x64.Build.0 = ME2Debug|x64
		{511D9B72-B2BB-4FA7-869A-0F59F5881404}.WPFRelease|x64.ActiveCfg = ME2Release|x64
		{511D9B72-B2BB-4FA7-869A-0F59F5881404}.WPFRelease|x64.Build.0 = ME2Release|x64
		{976A556C-EF1C-4142-B31B-2581DECB94FC}.Debug|x64.ActiveCfg = WinDebug|x64
		{976A556C-EF1C-4142-B31B-2581DECB94FC}.Debug|x64.Build.0 = WinDebug|x64
		{976A556C-EF1C-4142-B31B-2581DECB94FC}.LinuxDebug|x64.ActiveCfg = LinuxDebug|x64
		{976A556C-EF1C-4142-B31B-2581DECB94FC}.LinuxDebug|x64.Build.0 = LinuxDebug|x64
		{976A556C-EF1C-4142-B31B-2581DECB94FC}.LinuxRelease|x64.ActiveCfg = LinuxRelease|x64
		{976A556C-EF1C-4142-B31B-2581DECB94FC}.LinuxRelease|x64.Build.0 = LinuxRelease|x64
		{976A556C-EF1C-4142-B31B-2581DECB94FC}.MacDebug|x64.ActiveCfg = WinRelease|x64
		{976A556C-EF1C-4142-B31B-2581DECB94FC}.MacDebug|x64.Build.0 = WinRelease|x64
		{976A556C-EF1C-4142-B31B-2581DECB94FC}.MacRelease|x64.ActiveCfg = WinRelease|x64
		{976A556C-EF1C-4142-B31B-2581DECB94FC}.MacRelease|x64.Build.0 = WinRelease|x64
		{976A556C-EF1C-4142-B31B-2581DECB94FC}.ME2Debug|x64.ActiveCfg = WPFDebug|x64
		{976A556C-EF1C-4142-B31B-2581DECB94FC}.ME2Debug|x64.Build.0 = WPFDebug|x64
		{976A556C-EF1C-4142-B31B-2581DECB94FC}.ME2Release|x64.ActiveCfg = WinRelease|x64
		{976A556C-EF1C-4142-B31B-2581DECB94FC}.ME2Release|x64.Build.0 = WinRelease|x64
		{976A556C-EF1C-4142-B31B-2581DECB94FC}.Release|x64.ActiveCfg = WinRelease|x64
		{976A556C-EF1C-4142-B31B-2581DECB94FC}.Release|x64.Build.0 = WinRelease|x64
		{976A556C-EF1C-4142-B31B-2581DECB94FC}.WinAzureRelease|x64.ActiveCfg = WinRelease|x64
		{976A556C-EF1C-4142-B31B-2581DECB94FC}.WinAzureRelease|x64.Build.0 = WinRelease|x64
		{976A556C-EF1C-4142-B31B-2581DECB94FC}.WinAzureTest|x64.ActiveCfg = WinRelease|x64
		{976A556C-EF1C-4142-B31B-2581DECB94FC}.WinAzureTest|x64.Build.0 = WinRelease|x64
		{976A556C-EF1C-4142-B31B-2581DECB94FC}.WinDebug|x64.ActiveCfg = WinDebug|x64
		{976A556C-EF1C-4142-B31B-2581DECB94FC}.WinDebug|x64.Build.0 = WinDebug|x64
		{976A556C-EF1C-4142-B31B-2581DECB94FC}.WinRelease|x64.ActiveCfg = WinRelease|x64
		{976A556C-EF1C-4142-B31B-2581DECB94FC}.WinRelease|x64.Build.0 = WinRelease|x64
		{976A556C-EF1C-4142-B31B-2581DECB94FC}.WPFDebug|x64.ActiveCfg = WPFDebug|x64
		{976A556C-EF1C-4142-B31B-2581DECB94FC}.WPFDebug|x64.Build.0 = WPFDebug|x64
		{976A556C-EF1C-4142-B31B-2581DECB94FC}.WPFRelease|x64.ActiveCfg = WPFRelease|x64
		{976A556C-EF1C-4142-B31B-2581DECB94FC}.WPFRelease|x64.Build.0 = WPFRelease|x64
		{1C87C456-5A37-4D44-B99A-329E5ED70A9C}.Debug|x64.ActiveCfg = WPFDebug|x64
		{1C87C456-5A37-4D44-B99A-329E5ED70A9C}.Debug|x64.Build.0 = WPFDebug|x64
		{1C87C456-5A37-4D44-B99A-329E5ED70A9C}.LinuxDebug|x64.ActiveCfg = WPFDebug|x64
		{1C87C456-5A37-4D44-B99A-329E5ED70A9C}.LinuxDebug|x64.Build.0 = WPFDebug|x64
		{1C87C456-5A37-4D44-B99A-329E5ED70A9C}.LinuxRelease|x64.ActiveCfg = WPFDebug|x64
		{1C87C456-5A37-4D44-B99A-329E5ED70A9C}.LinuxRelease|x64.Build.0 = WPFDebug|x64
		{1C87C456-5A37-4D44-B99A-329E5ED70A9C}.MacDebug|x64.ActiveCfg = WPFDebug|x64
		{1C87C456-5A37-4D44-B99A-329E5ED70A9C}.MacDebug|x64.Build.0 = WPFDebug|x64
		{1C87C456-5A37-4D44-B99A-329E5ED70A9C}.MacRelease|x64.ActiveCfg = WPFDebug|x64
		{1C87C456-5A37-4D44-B99A-329E5ED70A9C}.MacRelease|x64.Build.0 = WPFDebug|x64
		{1C87C456-5A37-4D44-B99A-329E5ED70A9C}.ME2Debug|x64.ActiveCfg = WPFDebug|x64
		{1C87C456-5A37-4D44-B99A-329E5ED70A9C}.ME2Debug|x64.Build.0 = WPFDebug|x64
		{1C87C456-5A37-4D44-B99A-329E5ED70A9C}.ME2Release|x64.ActiveCfg = WPFRelease|x64
		{1C87C456-5A37-4D44-B99A-329E5ED70A9C}.ME2Release|x64.Build.0 = WPFRelease|x64
		{1C87C456-5A37-4D44-B99A-329E5ED70A9C}.Release|x64.ActiveCfg = WPFRelease|x64
		{1C87C456-5A37-4D44-B99A-329E5ED70A9C}.Release|x64.Build.0 = WPFRelease|x64
		{1C87C456-5A37-4D44-B99A-329E5ED70A9C}.WinAzureRelease|x64.ActiveCfg = WinRelease|x64
		{1C87C456-5A37-4D44-B99A-329E5ED70A9C}.WinAzureRelease|x64.Build.0 = WinRelease|x64
		{1C87C456-5A37-4D44-B99A-329E5ED70A9C}.WinAzureTest|x64.ActiveCfg = WinRelease|x64
		{1C87C456-5A37-4D44-B99A-329E5ED70A9C}.WinAzureTest|x64.Build.0 = WinRelease|x64
		{1C87C456-5A37-4D44-B99A-329E5ED70A9C}.WinDebug|x64.ActiveCfg = WinRelease|x64
		{1C87C456-5A37-4D44-B99A-329E5ED70A9C}.WinDebug|x64.Build.0 = WinRelease|x64
		{1C87C456-5A37-4D44-B99A-329E5ED70A9C}.WinRelease|x64.ActiveCfg = WinRelease|x64
		{1C87C456-5A37-4D44-B99A-329E5ED70A9C}.WinRelease|x64.Build.0 = WinRelease|x64
		{1C87C456-5A37-4D44-B99A-329E5ED70A9C}.WPFDebug|x64.ActiveCfg = WPFDebug|x64
		{1C87C456-5A37-4D44-B99A-329E5ED70A9C}.WPFDebug|x64.Build.0 = WPFDebug|x64
		{1C87C456-5A37-4D44-B99A-329E5ED70A9C}.WPFRelease|x64.ActiveCfg = WPFRelease|x64
		{1C87C456-5A37-4D44-B99A-329E5ED70A9C}.WPFRelease|x64.Build.0 = WPFRelease|x64
		{A529C5E4-39D6-49F9-95F2-7F114CA72C74}.Debug|x64.ActiveCfg = Debug|x64
		{A529C5E4-39D6-49F9-95F2-7F114CA72C74}.Debug|x64.Build.0 = Debug|x64
		{A529C5E4-39D6-49F9-95F2-7F114CA72C74}.LinuxDebug|x64.ActiveCfg = Debug|x64
		{A529C5E4-39D6-49F9-95F2-7F114CA72C74}.LinuxDebug|x64.Build.0 = Debug|x64
		{A529C5E4-39D6-49F9-95F2-7F114CA72C74}.LinuxRelease|x64.ActiveCfg = Release|x64
		{A529C5E4-39D6-49F9-95F2-7F114CA72C74}.LinuxRelease|x64.Build.0 = Release|x64
		{A529C5E4-39D6-49F9-95F2-7F114CA72C74}.MacDebug|x64.ActiveCfg = Debug|x64
		{A529C5E4-39D6-49F9-95F2-7F114CA72C74}.MacDebug|x64.Build.0 = Debug|x64
		{A529C5E4-39D6-49F9-95F2-7F114CA72C74}.MacRelease|x64.ActiveCfg = Release|x64
		{A529C5E4-39D6-49F9-95F2-7F114CA72C74}.MacRelease|x64.Build.0 = Release|x64
		{A529C5E4-39D6-49F9-95F2-7F114CA72C74}.ME2Debug|x64.ActiveCfg = Debug|x64
		{A529C5E4-39D6-49F9-95F2-7F114CA72C74}.ME2Debug|x64.Build.0 = Debug|x64
		{A529C5E4-39D6-49F9-95F2-7F114CA72C74}.ME2Release|x64.ActiveCfg = Release|x64
		{A529C5E4-39D6-49F9-95F2-7F114CA72C74}.ME2Release|x64.Build.0 = Release|x64
		{A529C5E4-39D6-49F9-95F2-7F114CA72C74}.Release|x64.ActiveCfg = Release|x64
		{A529C5E4-39D6-49F9-95F2-7F114CA72C74}.Release|x64.Build.0 = Release|x64
		{A529C5E4-39D6-49F9-95F2-7F114CA72C74}.WinAzureRelease|x64.ActiveCfg = Release|x64
		{A529C5E4-39D6-49F9-95F2-7F114CA72C74}.WinAzureRelease|x64.Build.0 = Release|x64
		{A529C5E4-39D6-49F9-95F2-7F114CA72C74}.WinAzureTest|x64.ActiveCfg = WinRelease|x64
		{A529C5E4-39D6-49F9-95F2-7F114CA72C74}.WinAzureTest|x64.Build.0 = WinRelease|x64
		{A529C5E4-39D6-49F9-95F2-7F114CA72C74}.WinDebug|x64.ActiveCfg = Debug|x64
		{A529C5E4-39D6-49F9-95F2-7F114CA72C74}.WinDebug|x64.Build.0 = Debug|x64
		{A529C5E4-39D6-49F9-95F2-7F114CA72C74}.WinRelease|x64.ActiveCfg = WinRelease|x64
		{A529C5E4-39D6-49F9-95F2-7F114CA72C74}.WinRelease|x64.Build.0 = WinRelease|x64
		{A529C5E4-39D6-49F9-95F2-7F114CA72C74}.WPFDebug|x64.ActiveCfg = Debug|x64
		{A529C5E4-39D6-49F9-95F2-7F114CA72C74}.WPFDebug|x64.Build.0 = Debug|x64
		{A529C5E4-39D6-49F9-95F2-7F114CA72C74}.WPFRelease|x64.ActiveCfg = Release|x64
		{A529C5E4-39D6-49F9-95F2-7F114CA72C74}.WPFRelease|x64.Build.0 = Release|x64
		{290D3D88-C2F2-4760-AF9D-F491D8437E4A}.Debug|x64.ActiveCfg = WinDebug|x64
		{290D3D88-C2F2-4760-AF9D-F491D8437E4A}.Debug|x64.Build.0 = WinDebug|x64
		{290D3D88-C2F2-4760-AF9D-F491D8437E4A}.LinuxDebug|x64.ActiveCfg = LinuxDebug|x64
		{290D3D88-C2F2-4760-AF9D-F491D8437E4A}.LinuxDebug|x64.Build.0 = LinuxDebug|x64
		{290D3D88-C2F2-4760-AF9D-F491D8437E4A}.LinuxRelease|x64.ActiveCfg = LinuxRelease|x64
		{290D3D88-C2F2-4760-AF9D-F491D8437E4A}.LinuxRelease|x64.Build.0 = LinuxRelease|x64
		{290D3D88-C2F2-4760-AF9D-F491D8437E4A}.MacDebug|x64.ActiveCfg = MacDebug|x64
		{290D3D88-C2F2-4760-AF9D-F491D8437E4A}.MacDebug|x64.Build.0 = MacDebug|x64
		{290D3D88-C2F2-4760-AF9D-F491D8437E4A}.MacRelease|x64.ActiveCfg = MacRelease|x64
		{290D3D88-C2F2-4760-AF9D-F491D8437E4A}.MacRelease|x64.Build.0 = MacRelease|x64
		{290D3D88-C2F2-4760-AF9D-F491D8437E4A}.ME2Debug|x64.ActiveCfg = WinDebug|x64
		{290D3D88-C2F2-4760-AF9D-F491D8437E4A}.ME2Debug|x64.Build.0 = WinDebug|x64
		{290D3D88-C2F2-4760-AF9D-F491D8437E4A}.ME2Release|x64.ActiveCfg = WinRelease|x64
		{290D3D88-C2F2-4760-AF9D-F491D8437E4A}.ME2Release|x64.Build.0 = WinRelease|x64
		{290D3D88-C2F2-4760-AF9D-F491D8437E4A}.Release|x64.ActiveCfg = WinRelease|x64
		{290D3D88-C2F2-4760-AF9D-F491D8437E4A}.Release|x64.Build.0 = WinRelease|x64
		{290D3D88-C2F2-4760-AF9D-F491D8437E4A}.WinAzureRelease|x64.ActiveCfg = WinAzureRelease|x64
		{290D3D88-C2F2-4760-AF9D-F491D8437E4A}.WinAzureRelease|x64.Build.0 = WinAzureRelease|x64
		{290D3D88-C2F2-4760-AF9D-F491D8437E4A}.WinAzureTest|x64.ActiveCfg = WinAzureTest|x64
		{290D3D88-C2F2-4760-AF9D-F491D8437E4A}.WinAzureTest|x64.Build.0 = WinAzureTest|x64
		{290D3D88-C2F2-4760-AF9D-F491D8437E4A}.WinDebug|x64.ActiveCfg = WinDebug|x64
		{290D3D88-C2F2-4760-AF9D-F491D8437E4A}.WinDebug|x64.Build.0 = WinDebug|x64
		{290D3D88-C2F2-4760-AF9D-F491D8437E4A}.WinRelease|x64.ActiveCfg = WinRelease|x64
		{290D3D88-C2F2-4760-AF9D-F491D8437E4A}.WinRelease|x64.Build.0 = WinRelease|x64
		{290D3D88-C2F2-4760-AF9D-F491D8437E4A}.WPFDebug|x64.ActiveCfg = WPFDebug|x64
		{290D3D88-C2F2-4760-AF9D-F491D8437E4A}.WPFDebug|x64.Build.0 = WPFDebug|x64
		{290D3D88-C2F2-4760-AF9D-F491D8437E4A}.WPFRelease|x64.ActiveCfg = WPFRelease|x64
		{290D3D88-C2F2-4760-AF9D-F491D8437E4A}.WPFRelease|x64.Build.0 = WPFRelease|x64
	EndGlobalSection
	GlobalSection(SolutionProperties) = preSolution
		HideSolutionNode = FALSE
	EndGlobalSection
	GlobalSection(ExtensibilityGlobals) = postSolution
		SolutionGuid = {7F307BD3-C4EC-4DA8-A4FE-913E7BA3A5C9}
	EndGlobalSection
EndGlobal
