
Microsoft Visual Studio Solution File, Format Version 12.00
# Visual Studio Version 16
VisualStudioVersion = 16.0.30804.86
MinimumVisualStudioVersion = 10.0.40219.1
Project("{9A19103F-16F7-4668-BE54-9A1E7A4F7556}") = "RandomizerUI", "ME2Randomizer\RandomizerUI.csproj", "{511D9B72-B2BB-4FA7-869A-0F59F5881404}"
EndProject
Project("{9A19103F-16F7-4668-BE54-9A1E7A4F7556}") = "Randomizer", "Randomizer\Randomizer.csproj", "{93D382EF-35B8-4FB8-AC36-E17D2577A815}"
EndProject
Project("{9A19103F-16F7-4668-BE54-9A1E7A4F7556}") = "ME3TweaksCore", "ME3TweaksCore\ME3TweaksCore\ME3TweaksCore.csproj", "{CE7E30D0-91AE-4991-80EE-BBA5313EE311}"
EndProject
Project("{9A19103F-16F7-4668-BE54-9A1E7A4F7556}") = "ME3TweaksCoreWPF", "ME3TweaksCore\ME3TweaksCoreWPF\ME3TweaksCoreWPF.csproj", "{6563269F-8A81-4A09-B137-098E704B1D10}"
EndProject
Project("{9A19103F-16F7-4668-BE54-9A1E7A4F7556}") = "LegendaryExplorerCore", "ME3TweaksCore\ME3TweaksCore\submodules\LegendaryExplorer\LegendaryExplorer\LegendaryExplorerCore\LegendaryExplorerCore.csproj", "{F4209E0B-75C8-4B72-972C-AF573A37653C}"
EndProject
Project("{9A19103F-16F7-4668-BE54-9A1E7A4F7556}") = "RoboSharp", "ME3TweaksCore\ME3TweaksCore\submodules\RoboSharp\RoboSharp\RoboSharp.csproj", "{019BC7A3-9618-492F-AA70-6AC20F6ADFD4}"
EndProject
Project("{9A19103F-16F7-4668-BE54-9A1E7A4F7556}") = "ComputerInfo", "ME3TweaksCore\ME3TweaksCore\submodules\ComputerInfo\ComputerInfo\ComputerInfo.csproj", "{A5DCC40E-32CC-4313-85C4-E94E6441C4E3}"
EndProject
Project("{9A19103F-16F7-4668-BE54-9A1E7A4F7556}") = "MahApps.Metro", "MahApps.Metro\src\MahApps.Metro\MahApps.Metro.csproj", "{CD22CCA5-4AB3-4BC3-9206-72130F2F06F3}"
EndProject
Global
	GlobalSection(SolutionConfigurationPlatforms) = preSolution
		Debug|Any CPU = Debug|Any CPU
		Debug|x64 = Debug|x64
		Game1Debug|Any CPU = Game1Debug|Any CPU
		Game1Debug|x64 = Game1Debug|x64
		Game2Debug|Any CPU = Game2Debug|Any CPU
		Game2Debug|x64 = Game2Debug|x64
		Game2Release|Any CPU = Game2Release|Any CPU
		Game2Release|x64 = Game2Release|x64
		Release|Any CPU = Release|Any CPU
		Release|x64 = Release|x64
		WinAzureRelease|Any CPU = WinAzureRelease|Any CPU
		WinAzureRelease|x64 = WinAzureRelease|x64
		WinAzureTest|Any CPU = WinAzureTest|Any CPU
		WinAzureTest|x64 = WinAzureTest|x64
		WinDebug|Any CPU = WinDebug|Any CPU
		WinDebug|x64 = WinDebug|x64
		WinRelease|Any CPU = WinRelease|Any CPU
		WinRelease|x64 = WinRelease|x64
		WPFDebug|Any CPU = WPFDebug|Any CPU
		WPFDebug|x64 = WPFDebug|x64
		WPFRelease|Any CPU = WPFRelease|Any CPU
		WPFRelease|x64 = WPFRelease|x64
	EndGlobalSection
	GlobalSection(ProjectConfigurationPlatforms) = postSolution
		{511D9B72-B2BB-4FA7-869A-0F59F5881404}.Debug|Any CPU.ActiveCfg = Game2Release|x64
		{511D9B72-B2BB-4FA7-869A-0F59F5881404}.Debug|x64.ActiveCfg = Game2Debug|x64
		{511D9B72-B2BB-4FA7-869A-0F59F5881404}.Debug|x64.Build.0 = Game2Debug|x64
		{511D9B72-B2BB-4FA7-869A-0F59F5881404}.Game1Debug|Any CPU.ActiveCfg = Game1Debug|x64
		{511D9B72-B2BB-4FA7-869A-0F59F5881404}.Game1Debug|x64.ActiveCfg = Game1Debug|x64
		{511D9B72-B2BB-4FA7-869A-0F59F5881404}.Game1Debug|x64.Build.0 = Game1Debug|x64
		{511D9B72-B2BB-4FA7-869A-0F59F5881404}.Game2Debug|Any CPU.ActiveCfg = Game2Debug|x64
		{511D9B72-B2BB-4FA7-869A-0F59F5881404}.Game2Debug|x64.ActiveCfg = Game2Debug|x64
		{511D9B72-B2BB-4FA7-869A-0F59F5881404}.Game2Debug|x64.Build.0 = Game2Debug|x64
		{511D9B72-B2BB-4FA7-869A-0F59F5881404}.Game2Release|Any CPU.ActiveCfg = Game2Release|x64
		{511D9B72-B2BB-4FA7-869A-0F59F5881404}.Game2Release|x64.ActiveCfg = Game2Release|x64
		{511D9B72-B2BB-4FA7-869A-0F59F5881404}.Game2Release|x64.Build.0 = Game2Release|x64
		{511D9B72-B2BB-4FA7-869A-0F59F5881404}.Release|Any CPU.ActiveCfg = Game2Release|x64
		{511D9B72-B2BB-4FA7-869A-0F59F5881404}.Release|x64.ActiveCfg = Game2Release|x64
		{511D9B72-B2BB-4FA7-869A-0F59F5881404}.Release|x64.Build.0 = Game2Release|x64
		{511D9B72-B2BB-4FA7-869A-0F59F5881404}.WinAzureRelease|Any CPU.ActiveCfg = Game2Release|x64
		{511D9B72-B2BB-4FA7-869A-0F59F5881404}.WinAzureRelease|x64.ActiveCfg = Game2Release|x64
		{511D9B72-B2BB-4FA7-869A-0F59F5881404}.WinAzureRelease|x64.Build.0 = Game2Release|x64
		{511D9B72-B2BB-4FA7-869A-0F59F5881404}.WinAzureTest|Any CPU.ActiveCfg = Game2Release|x64
		{511D9B72-B2BB-4FA7-869A-0F59F5881404}.WinAzureTest|x64.ActiveCfg = Game2Release|x64
		{511D9B72-B2BB-4FA7-869A-0F59F5881404}.WinAzureTest|x64.Build.0 = Game2Release|x64
		{511D9B72-B2BB-4FA7-869A-0F59F5881404}.WinDebug|Any CPU.ActiveCfg = Game2Release|x64
		{511D9B72-B2BB-4FA7-869A-0F59F5881404}.WinDebug|x64.ActiveCfg = Game2Debug|x64
		{511D9B72-B2BB-4FA7-869A-0F59F5881404}.WinDebug|x64.Build.0 = Game2Debug|x64
		{511D9B72-B2BB-4FA7-869A-0F59F5881404}.WinRelease|Any CPU.ActiveCfg = Game2Release|x64
		{511D9B72-B2BB-4FA7-869A-0F59F5881404}.WinRelease|x64.ActiveCfg = Game2Release|x64
		{511D9B72-B2BB-4FA7-869A-0F59F5881404}.WinRelease|x64.Build.0 = Game2Release|x64
		{511D9B72-B2BB-4FA7-869A-0F59F5881404}.WPFDebug|Any CPU.ActiveCfg = Game2Release|x64
		{511D9B72-B2BB-4FA7-869A-0F59F5881404}.WPFDebug|x64.ActiveCfg = Game2Debug|x64
		{511D9B72-B2BB-4FA7-869A-0F59F5881404}.WPFDebug|x64.Build.0 = Game2Debug|x64
		{511D9B72-B2BB-4FA7-869A-0F59F5881404}.WPFRelease|Any CPU.ActiveCfg = Game2Release|x64
		{511D9B72-B2BB-4FA7-869A-0F59F5881404}.WPFRelease|x64.ActiveCfg = Game2Release|x64
		{511D9B72-B2BB-4FA7-869A-0F59F5881404}.WPFRelease|x64.Build.0 = Game2Release|x64
		{93D382EF-35B8-4FB8-AC36-E17D2577A815}.Debug|Any CPU.ActiveCfg = Game1Debug|x64
		{93D382EF-35B8-4FB8-AC36-E17D2577A815}.Debug|x64.ActiveCfg = Game1Debug|x64
		{93D382EF-35B8-4FB8-AC36-E17D2577A815}.Game1Debug|Any CPU.ActiveCfg = Game1Debug|x64
		{93D382EF-35B8-4FB8-AC36-E17D2577A815}.Game1Debug|x64.ActiveCfg = Game1Debug|x64
		{93D382EF-35B8-4FB8-AC36-E17D2577A815}.Game1Debug|x64.Build.0 = Game1Debug|x64
		{93D382EF-35B8-4FB8-AC36-E17D2577A815}.Game2Debug|Any CPU.ActiveCfg = Game1Debug|x64
		{93D382EF-35B8-4FB8-AC36-E17D2577A815}.Game2Debug|x64.ActiveCfg = Game2Debug|x64
		{93D382EF-35B8-4FB8-AC36-E17D2577A815}.Game2Debug|x64.Build.0 = Game2Debug|x64
		{93D382EF-35B8-4FB8-AC36-E17D2577A815}.Game2Release|Any CPU.ActiveCfg = Game1Debug|x64
		{93D382EF-35B8-4FB8-AC36-E17D2577A815}.Game2Release|x64.ActiveCfg = Game2Release|x64
		{93D382EF-35B8-4FB8-AC36-E17D2577A815}.Game2Release|x64.Build.0 = Game2Release|x64
		{93D382EF-35B8-4FB8-AC36-E17D2577A815}.Release|Any CPU.ActiveCfg = Game1Release|x64
		{93D382EF-35B8-4FB8-AC36-E17D2577A815}.Release|x64.ActiveCfg = Game1Release|x64
		{93D382EF-35B8-4FB8-AC36-E17D2577A815}.WinAzureRelease|Any CPU.ActiveCfg = Game1Debug|x64
		{93D382EF-35B8-4FB8-AC36-E17D2577A815}.WinAzureRelease|x64.ActiveCfg = Game1Release|x64
		{93D382EF-35B8-4FB8-AC36-E17D2577A815}.WinAzureTest|Any CPU.ActiveCfg = Game1Debug|x64
		{93D382EF-35B8-4FB8-AC36-E17D2577A815}.WinAzureTest|x64.ActiveCfg = Game1Debug|x64
		{93D382EF-35B8-4FB8-AC36-E17D2577A815}.WinDebug|Any CPU.ActiveCfg = Game1Debug|x64
		{93D382EF-35B8-4FB8-AC36-E17D2577A815}.WinDebug|x64.ActiveCfg = Game1Debug|x64
		{93D382EF-35B8-4FB8-AC36-E17D2577A815}.WinRelease|Any CPU.ActiveCfg = Game1Debug|x64
		{93D382EF-35B8-4FB8-AC36-E17D2577A815}.WinRelease|x64.ActiveCfg = Game1Release|x64
		{93D382EF-35B8-4FB8-AC36-E17D2577A815}.WPFDebug|Any CPU.ActiveCfg = Game1Debug|x64
		{93D382EF-35B8-4FB8-AC36-E17D2577A815}.WPFDebug|x64.ActiveCfg = Game1Debug|x64
		{93D382EF-35B8-4FB8-AC36-E17D2577A815}.WPFRelease|Any CPU.ActiveCfg = Game1Debug|x64
		{93D382EF-35B8-4FB8-AC36-E17D2577A815}.WPFRelease|x64.ActiveCfg = Game1Release|x64
		{CE7E30D0-91AE-4991-80EE-BBA5313EE311}.Debug|Any CPU.ActiveCfg = Debug|x64
		{CE7E30D0-91AE-4991-80EE-BBA5313EE311}.Debug|x64.ActiveCfg = Debug|x64
		{CE7E30D0-91AE-4991-80EE-BBA5313EE311}.Debug|x64.Build.0 = Debug|x64
		{CE7E30D0-91AE-4991-80EE-BBA5313EE311}.Game1Debug|Any CPU.ActiveCfg = Debug|x64
		{CE7E30D0-91AE-4991-80EE-BBA5313EE311}.Game1Debug|Any CPU.Build.0 = Debug|x64
		{CE7E30D0-91AE-4991-80EE-BBA5313EE311}.Game1Debug|x64.ActiveCfg = Debug|x64
		{CE7E30D0-91AE-4991-80EE-BBA5313EE311}.Game1Debug|x64.Build.0 = Debug|x64
		{CE7E30D0-91AE-4991-80EE-BBA5313EE311}.Game2Debug|Any CPU.ActiveCfg = Debug|x64
		{CE7E30D0-91AE-4991-80EE-BBA5313EE311}.Game2Debug|Any CPU.Build.0 = Debug|x64
		{CE7E30D0-91AE-4991-80EE-BBA5313EE311}.Game2Debug|x64.ActiveCfg = Debug|x64
		{CE7E30D0-91AE-4991-80EE-BBA5313EE311}.Game2Debug|x64.Build.0 = Debug|x64
		{CE7E30D0-91AE-4991-80EE-BBA5313EE311}.Game2Release|Any CPU.ActiveCfg = Debug|x64
		{CE7E30D0-91AE-4991-80EE-BBA5313EE311}.Game2Release|Any CPU.Build.0 = Debug|x64
		{CE7E30D0-91AE-4991-80EE-BBA5313EE311}.Game2Release|x64.ActiveCfg = Release|x64
		{CE7E30D0-91AE-4991-80EE-BBA5313EE311}.Game2Release|x64.Build.0 = Release|x64
		{CE7E30D0-91AE-4991-80EE-BBA5313EE311}.Release|Any CPU.ActiveCfg = Release|x64
		{CE7E30D0-91AE-4991-80EE-BBA5313EE311}.Release|x64.ActiveCfg = Release|x64
		{CE7E30D0-91AE-4991-80EE-BBA5313EE311}.Release|x64.Build.0 = Release|x64
		{CE7E30D0-91AE-4991-80EE-BBA5313EE311}.WinAzureRelease|Any CPU.ActiveCfg = Debug|x64
		{CE7E30D0-91AE-4991-80EE-BBA5313EE311}.WinAzureRelease|Any CPU.Build.0 = Debug|x64
		{CE7E30D0-91AE-4991-80EE-BBA5313EE311}.WinAzureRelease|x64.ActiveCfg = Release|x64
		{CE7E30D0-91AE-4991-80EE-BBA5313EE311}.WinAzureRelease|x64.Build.0 = Release|x64
		{CE7E30D0-91AE-4991-80EE-BBA5313EE311}.WinAzureTest|Any CPU.ActiveCfg = Debug|x64
		{CE7E30D0-91AE-4991-80EE-BBA5313EE311}.WinAzureTest|Any CPU.Build.0 = Debug|x64
		{CE7E30D0-91AE-4991-80EE-BBA5313EE311}.WinAzureTest|x64.ActiveCfg = Debug|x64
		{CE7E30D0-91AE-4991-80EE-BBA5313EE311}.WinAzureTest|x64.Build.0 = Debug|x64
		{CE7E30D0-91AE-4991-80EE-BBA5313EE311}.WinDebug|Any CPU.ActiveCfg = Debug|x64
		{CE7E30D0-91AE-4991-80EE-BBA5313EE311}.WinDebug|Any CPU.Build.0 = Debug|x64
		{CE7E30D0-91AE-4991-80EE-BBA5313EE311}.WinDebug|x64.ActiveCfg = Debug|x64
		{CE7E30D0-91AE-4991-80EE-BBA5313EE311}.WinDebug|x64.Build.0 = Debug|x64
		{CE7E30D0-91AE-4991-80EE-BBA5313EE311}.WinRelease|Any CPU.ActiveCfg = Debug|x64
		{CE7E30D0-91AE-4991-80EE-BBA5313EE311}.WinRelease|Any CPU.Build.0 = Debug|x64
		{CE7E30D0-91AE-4991-80EE-BBA5313EE311}.WinRelease|x64.ActiveCfg = Release|x64
		{CE7E30D0-91AE-4991-80EE-BBA5313EE311}.WinRelease|x64.Build.0 = Release|x64
		{CE7E30D0-91AE-4991-80EE-BBA5313EE311}.WPFDebug|Any CPU.ActiveCfg = Debug|x64
		{CE7E30D0-91AE-4991-80EE-BBA5313EE311}.WPFDebug|Any CPU.Build.0 = Debug|x64
		{CE7E30D0-91AE-4991-80EE-BBA5313EE311}.WPFDebug|x64.ActiveCfg = Debug|x64
		{CE7E30D0-91AE-4991-80EE-BBA5313EE311}.WPFDebug|x64.Build.0 = Debug|x64
		{CE7E30D0-91AE-4991-80EE-BBA5313EE311}.WPFRelease|Any CPU.ActiveCfg = Debug|x64
		{CE7E30D0-91AE-4991-80EE-BBA5313EE311}.WPFRelease|Any CPU.Build.0 = Debug|x64
		{CE7E30D0-91AE-4991-80EE-BBA5313EE311}.WPFRelease|x64.ActiveCfg = Release|x64
		{CE7E30D0-91AE-4991-80EE-BBA5313EE311}.WPFRelease|x64.Build.0 = Release|x64
		{6563269F-8A81-4A09-B137-098E704B1D10}.Debug|Any CPU.ActiveCfg = Debug|x64
		{6563269F-8A81-4A09-B137-098E704B1D10}.Debug|x64.ActiveCfg = Debug|x64
		{6563269F-8A81-4A09-B137-098E704B1D10}.Debug|x64.Build.0 = Debug|x64
		{6563269F-8A81-4A09-B137-098E704B1D10}.Game1Debug|Any CPU.ActiveCfg = Debug|x64
		{6563269F-8A81-4A09-B137-098E704B1D10}.Game1Debug|Any CPU.Build.0 = Debug|x64
		{6563269F-8A81-4A09-B137-098E704B1D10}.Game1Debug|x64.ActiveCfg = Debug|x64
		{6563269F-8A81-4A09-B137-098E704B1D10}.Game1Debug|x64.Build.0 = Debug|x64
		{6563269F-8A81-4A09-B137-098E704B1D10}.Game2Debug|Any CPU.ActiveCfg = Debug|x64
		{6563269F-8A81-4A09-B137-098E704B1D10}.Game2Debug|Any CPU.Build.0 = Debug|x64
		{6563269F-8A81-4A09-B137-098E704B1D10}.Game2Debug|x64.ActiveCfg = Debug|x64
		{6563269F-8A81-4A09-B137-098E704B1D10}.Game2Debug|x64.Build.0 = Debug|x64
		{6563269F-8A81-4A09-B137-098E704B1D10}.Game2Release|Any CPU.ActiveCfg = Debug|x64
		{6563269F-8A81-4A09-B137-098E704B1D10}.Game2Release|Any CPU.Build.0 = Debug|x64
		{6563269F-8A81-4A09-B137-098E704B1D10}.Game2Release|x64.ActiveCfg = Release|x64
		{6563269F-8A81-4A09-B137-098E704B1D10}.Game2Release|x64.Build.0 = Release|x64
		{6563269F-8A81-4A09-B137-098E704B1D10}.Release|Any CPU.ActiveCfg = Release|x64
		{6563269F-8A81-4A09-B137-098E704B1D10}.Release|x64.ActiveCfg = Release|x64
		{6563269F-8A81-4A09-B137-098E704B1D10}.Release|x64.Build.0 = Release|x64
		{6563269F-8A81-4A09-B137-098E704B1D10}.WinAzureRelease|Any CPU.ActiveCfg = Debug|x64
		{6563269F-8A81-4A09-B137-098E704B1D10}.WinAzureRelease|Any CPU.Build.0 = Debug|x64
		{6563269F-8A81-4A09-B137-098E704B1D10}.WinAzureRelease|x64.ActiveCfg = Release|x64
		{6563269F-8A81-4A09-B137-098E704B1D10}.WinAzureRelease|x64.Build.0 = Release|x64
		{6563269F-8A81-4A09-B137-098E704B1D10}.WinAzureTest|Any CPU.ActiveCfg = Debug|x64
		{6563269F-8A81-4A09-B137-098E704B1D10}.WinAzureTest|Any CPU.Build.0 = Debug|x64
		{6563269F-8A81-4A09-B137-098E704B1D10}.WinAzureTest|x64.ActiveCfg = Debug|x64
		{6563269F-8A81-4A09-B137-098E704B1D10}.WinAzureTest|x64.Build.0 = Debug|x64
		{6563269F-8A81-4A09-B137-098E704B1D10}.WinDebug|Any CPU.ActiveCfg = Debug|x64
		{6563269F-8A81-4A09-B137-098E704B1D10}.WinDebug|Any CPU.Build.0 = Debug|x64
		{6563269F-8A81-4A09-B137-098E704B1D10}.WinDebug|x64.ActiveCfg = Debug|x64
		{6563269F-8A81-4A09-B137-098E704B1D10}.WinDebug|x64.Build.0 = Debug|x64
		{6563269F-8A81-4A09-B137-098E704B1D10}.WinRelease|Any CPU.ActiveCfg = Debug|x64
		{6563269F-8A81-4A09-B137-098E704B1D10}.WinRelease|Any CPU.Build.0 = Debug|x64
		{6563269F-8A81-4A09-B137-098E704B1D10}.WinRelease|x64.ActiveCfg = Release|x64
		{6563269F-8A81-4A09-B137-098E704B1D10}.WinRelease|x64.Build.0 = Release|x64
		{6563269F-8A81-4A09-B137-098E704B1D10}.WPFDebug|Any CPU.ActiveCfg = Debug|x64
		{6563269F-8A81-4A09-B137-098E704B1D10}.WPFDebug|Any CPU.Build.0 = Debug|x64
		{6563269F-8A81-4A09-B137-098E704B1D10}.WPFDebug|x64.ActiveCfg = Debug|x64
		{6563269F-8A81-4A09-B137-098E704B1D10}.WPFDebug|x64.Build.0 = Debug|x64
		{6563269F-8A81-4A09-B137-098E704B1D10}.WPFRelease|Any CPU.ActiveCfg = Debug|x64
		{6563269F-8A81-4A09-B137-098E704B1D10}.WPFRelease|Any CPU.Build.0 = Debug|x64
		{6563269F-8A81-4A09-B137-098E704B1D10}.WPFRelease|x64.ActiveCfg = Release|x64
		{6563269F-8A81-4A09-B137-098E704B1D10}.WPFRelease|x64.Build.0 = Release|x64
		{F4209E0B-75C8-4B72-972C-AF573A37653C}.Debug|Any CPU.ActiveCfg = WinDebug|x64
		{F4209E0B-75C8-4B72-972C-AF573A37653C}.Debug|Any CPU.Build.0 = WinDebug|x64
		{F4209E0B-75C8-4B72-972C-AF573A37653C}.Debug|x64.ActiveCfg = WinDebug|x64
		{F4209E0B-75C8-4B72-972C-AF573A37653C}.Debug|x64.Build.0 = WinDebug|x64
		{F4209E0B-75C8-4B72-972C-AF573A37653C}.Game1Debug|Any CPU.ActiveCfg = WinDebug|x64
		{F4209E0B-75C8-4B72-972C-AF573A37653C}.Game1Debug|Any CPU.Build.0 = WinDebug|x64
		{F4209E0B-75C8-4B72-972C-AF573A37653C}.Game1Debug|x64.ActiveCfg = WinDebug|x64
		{F4209E0B-75C8-4B72-972C-AF573A37653C}.Game1Debug|x64.Build.0 = WinDebug|x64
		{F4209E0B-75C8-4B72-972C-AF573A37653C}.Game2Debug|Any CPU.ActiveCfg = WinDebug|x64
		{F4209E0B-75C8-4B72-972C-AF573A37653C}.Game2Debug|Any CPU.Build.0 = WinDebug|x64
		{F4209E0B-75C8-4B72-972C-AF573A37653C}.Game2Debug|x64.ActiveCfg = WinDebug|x64
		{F4209E0B-75C8-4B72-972C-AF573A37653C}.Game2Debug|x64.Build.0 = WinDebug|x64
		{F4209E0B-75C8-4B72-972C-AF573A37653C}.Game2Release|Any CPU.ActiveCfg = WinDebug|x64
		{F4209E0B-75C8-4B72-972C-AF573A37653C}.Game2Release|Any CPU.Build.0 = WinDebug|x64
		{F4209E0B-75C8-4B72-972C-AF573A37653C}.Game2Release|x64.ActiveCfg = WinRelease|x64
		{F4209E0B-75C8-4B72-972C-AF573A37653C}.Game2Release|x64.Build.0 = WinRelease|x64
		{F4209E0B-75C8-4B72-972C-AF573A37653C}.Release|Any CPU.ActiveCfg = WinDebug|x64
		{F4209E0B-75C8-4B72-972C-AF573A37653C}.Release|Any CPU.Build.0 = WinDebug|x64
		{F4209E0B-75C8-4B72-972C-AF573A37653C}.Release|x64.ActiveCfg = WinRelease|x64
		{F4209E0B-75C8-4B72-972C-AF573A37653C}.Release|x64.Build.0 = WinRelease|x64
		{F4209E0B-75C8-4B72-972C-AF573A37653C}.WinAzureRelease|Any CPU.ActiveCfg = WinAzureRelease|x64
		{F4209E0B-75C8-4B72-972C-AF573A37653C}.WinAzureRelease|x64.ActiveCfg = WinAzureRelease|x64
		{F4209E0B-75C8-4B72-972C-AF573A37653C}.WinAzureRelease|x64.Build.0 = WinAzureRelease|x64
		{F4209E0B-75C8-4B72-972C-AF573A37653C}.WinAzureTest|Any CPU.ActiveCfg = WinAzureTest|x64
		{F4209E0B-75C8-4B72-972C-AF573A37653C}.WinAzureTest|x64.ActiveCfg = WinAzureTest|x64
		{F4209E0B-75C8-4B72-972C-AF573A37653C}.WinAzureTest|x64.Build.0 = WinAzureTest|x64
		{F4209E0B-75C8-4B72-972C-AF573A37653C}.WinDebug|Any CPU.ActiveCfg = WinDebug|x64
		{F4209E0B-75C8-4B72-972C-AF573A37653C}.WinDebug|x64.ActiveCfg = WinDebug|x64
		{F4209E0B-75C8-4B72-972C-AF573A37653C}.WinDebug|x64.Build.0 = WinDebug|x64
		{F4209E0B-75C8-4B72-972C-AF573A37653C}.WinRelease|Any CPU.ActiveCfg = WinRelease|x64
		{F4209E0B-75C8-4B72-972C-AF573A37653C}.WinRelease|x64.ActiveCfg = WinRelease|x64
		{F4209E0B-75C8-4B72-972C-AF573A37653C}.WinRelease|x64.Build.0 = WinRelease|x64
		{F4209E0B-75C8-4B72-972C-AF573A37653C}.WPFDebug|Any CPU.ActiveCfg = WPFDebug|x64
		{F4209E0B-75C8-4B72-972C-AF573A37653C}.WPFDebug|x64.ActiveCfg = WPFDebug|x64
		{F4209E0B-75C8-4B72-972C-AF573A37653C}.WPFDebug|x64.Build.0 = WPFDebug|x64
		{F4209E0B-75C8-4B72-972C-AF573A37653C}.WPFRelease|Any CPU.ActiveCfg = WPFRelease|x64
		{F4209E0B-75C8-4B72-972C-AF573A37653C}.WPFRelease|x64.ActiveCfg = WPFRelease|x64
		{F4209E0B-75C8-4B72-972C-AF573A37653C}.WPFRelease|x64.Build.0 = WPFRelease|x64
		{019BC7A3-9618-492F-AA70-6AC20F6ADFD4}.Debug|Any CPU.ActiveCfg = Debug|Any CPU
		{019BC7A3-9618-492F-AA70-6AC20F6ADFD4}.Debug|Any CPU.Build.0 = Debug|Any CPU
		{019BC7A3-9618-492F-AA70-6AC20F6ADFD4}.Debug|x64.ActiveCfg = Debug|Any CPU
		{019BC7A3-9618-492F-AA70-6AC20F6ADFD4}.Debug|x64.Build.0 = Debug|Any CPU
		{019BC7A3-9618-492F-AA70-6AC20F6ADFD4}.Game1Debug|Any CPU.ActiveCfg = Debug|Any CPU
		{019BC7A3-9618-492F-AA70-6AC20F6ADFD4}.Game1Debug|Any CPU.Build.0 = Debug|Any CPU
		{019BC7A3-9618-492F-AA70-6AC20F6ADFD4}.Game1Debug|x64.ActiveCfg = Debug|Any CPU
		{019BC7A3-9618-492F-AA70-6AC20F6ADFD4}.Game1Debug|x64.Build.0 = Debug|Any CPU
		{019BC7A3-9618-492F-AA70-6AC20F6ADFD4}.Game2Debug|Any CPU.ActiveCfg = Debug|Any CPU
		{019BC7A3-9618-492F-AA70-6AC20F6ADFD4}.Game2Debug|Any CPU.Build.0 = Debug|Any CPU
		{019BC7A3-9618-492F-AA70-6AC20F6ADFD4}.Game2Debug|x64.ActiveCfg = Debug|Any CPU
		{019BC7A3-9618-492F-AA70-6AC20F6ADFD4}.Game2Debug|x64.Build.0 = Debug|Any CPU
		{019BC7A3-9618-492F-AA70-6AC20F6ADFD4}.Game2Release|Any CPU.ActiveCfg = Release|Any CPU
		{019BC7A3-9618-492F-AA70-6AC20F6ADFD4}.Game2Release|Any CPU.Build.0 = Release|Any CPU
		{019BC7A3-9618-492F-AA70-6AC20F6ADFD4}.Game2Release|x64.ActiveCfg = Release|Any CPU
		{019BC7A3-9618-492F-AA70-6AC20F6ADFD4}.Game2Release|x64.Build.0 = Release|Any CPU
		{019BC7A3-9618-492F-AA70-6AC20F6ADFD4}.Release|Any CPU.ActiveCfg = Release|Any CPU
		{019BC7A3-9618-492F-AA70-6AC20F6ADFD4}.Release|Any CPU.Build.0 = Release|Any CPU
		{019BC7A3-9618-492F-AA70-6AC20F6ADFD4}.Release|x64.ActiveCfg = Release|Any CPU
		{019BC7A3-9618-492F-AA70-6AC20F6ADFD4}.Release|x64.Build.0 = Release|Any CPU
		{019BC7A3-9618-492F-AA70-6AC20F6ADFD4}.WinAzureRelease|Any CPU.ActiveCfg = Release|Any CPU
		{019BC7A3-9618-492F-AA70-6AC20F6ADFD4}.WinAzureRelease|Any CPU.Build.0 = Release|Any CPU
		{019BC7A3-9618-492F-AA70-6AC20F6ADFD4}.WinAzureRelease|x64.ActiveCfg = Release|Any CPU
		{019BC7A3-9618-492F-AA70-6AC20F6ADFD4}.WinAzureRelease|x64.Build.0 = Release|Any CPU
		{019BC7A3-9618-492F-AA70-6AC20F6ADFD4}.WinAzureTest|Any CPU.ActiveCfg = Debug|Any CPU
		{019BC7A3-9618-492F-AA70-6AC20F6ADFD4}.WinAzureTest|Any CPU.Build.0 = Debug|Any CPU
		{019BC7A3-9618-492F-AA70-6AC20F6ADFD4}.WinAzureTest|x64.ActiveCfg = Debug|Any CPU
		{019BC7A3-9618-492F-AA70-6AC20F6ADFD4}.WinAzureTest|x64.Build.0 = Debug|Any CPU
		{019BC7A3-9618-492F-AA70-6AC20F6ADFD4}.WinDebug|Any CPU.ActiveCfg = Debug|Any CPU
		{019BC7A3-9618-492F-AA70-6AC20F6ADFD4}.WinDebug|Any CPU.Build.0 = Debug|Any CPU
		{019BC7A3-9618-492F-AA70-6AC20F6ADFD4}.WinDebug|x64.ActiveCfg = Debug|Any CPU
		{019BC7A3-9618-492F-AA70-6AC20F6ADFD4}.WinDebug|x64.Build.0 = Debug|Any CPU
		{019BC7A3-9618-492F-AA70-6AC20F6ADFD4}.WinRelease|Any CPU.ActiveCfg = Release|Any CPU
		{019BC7A3-9618-492F-AA70-6AC20F6ADFD4}.WinRelease|Any CPU.Build.0 = Release|Any CPU
		{019BC7A3-9618-492F-AA70-6AC20F6ADFD4}.WinRelease|x64.ActiveCfg = Release|Any CPU
		{019BC7A3-9618-492F-AA70-6AC20F6ADFD4}.WinRelease|x64.Build.0 = Release|Any CPU
		{019BC7A3-9618-492F-AA70-6AC20F6ADFD4}.WPFDebug|Any CPU.ActiveCfg = Debug|Any CPU
		{019BC7A3-9618-492F-AA70-6AC20F6ADFD4}.WPFDebug|Any CPU.Build.0 = Debug|Any CPU
		{019BC7A3-9618-492F-AA70-6AC20F6ADFD4}.WPFDebug|x64.ActiveCfg = Debug|Any CPU
		{019BC7A3-9618-492F-AA70-6AC20F6ADFD4}.WPFDebug|x64.Build.0 = Debug|Any CPU
		{019BC7A3-9618-492F-AA70-6AC20F6ADFD4}.WPFRelease|Any CPU.ActiveCfg = Release|Any CPU
		{019BC7A3-9618-492F-AA70-6AC20F6ADFD4}.WPFRelease|Any CPU.Build.0 = Release|Any CPU
		{019BC7A3-9618-492F-AA70-6AC20F6ADFD4}.WPFRelease|x64.ActiveCfg = Release|Any CPU
		{019BC7A3-9618-492F-AA70-6AC20F6ADFD4}.WPFRelease|x64.Build.0 = Release|Any CPU
		{A5DCC40E-32CC-4313-85C4-E94E6441C4E3}.Debug|Any CPU.ActiveCfg = Debug|x64
		{A5DCC40E-32CC-4313-85C4-E94E6441C4E3}.Debug|x64.ActiveCfg = Debug|x64
		{A5DCC40E-32CC-4313-85C4-E94E6441C4E3}.Debug|x64.Build.0 = Debug|x64
		{A5DCC40E-32CC-4313-85C4-E94E6441C4E3}.Game1Debug|Any CPU.ActiveCfg = Debug|x64
		{A5DCC40E-32CC-4313-85C4-E94E6441C4E3}.Game1Debug|Any CPU.Build.0 = Debug|x64
		{A5DCC40E-32CC-4313-85C4-E94E6441C4E3}.Game1Debug|x64.ActiveCfg = Debug|x64
		{A5DCC40E-32CC-4313-85C4-E94E6441C4E3}.Game1Debug|x64.Build.0 = Debug|x64
		{A5DCC40E-32CC-4313-85C4-E94E6441C4E3}.Game2Debug|Any CPU.ActiveCfg = Debug|x64
		{A5DCC40E-32CC-4313-85C4-E94E6441C4E3}.Game2Debug|Any CPU.Build.0 = Debug|x64
		{A5DCC40E-32CC-4313-85C4-E94E6441C4E3}.Game2Debug|x64.ActiveCfg = Debug|x64
		{A5DCC40E-32CC-4313-85C4-E94E6441C4E3}.Game2Debug|x64.Build.0 = Debug|x64
		{A5DCC40E-32CC-4313-85C4-E94E6441C4E3}.Game2Release|Any CPU.ActiveCfg = Debug|x64
		{A5DCC40E-32CC-4313-85C4-E94E6441C4E3}.Game2Release|Any CPU.Build.0 = Debug|x64
		{A5DCC40E-32CC-4313-85C4-E94E6441C4E3}.Game2Release|x64.ActiveCfg = Release|x64
		{A5DCC40E-32CC-4313-85C4-E94E6441C4E3}.Game2Release|x64.Build.0 = Release|x64
		{A5DCC40E-32CC-4313-85C4-E94E6441C4E3}.Release|Any CPU.ActiveCfg = Release|x64
		{A5DCC40E-32CC-4313-85C4-E94E6441C4E3}.Release|x64.ActiveCfg = Release|x64
		{A5DCC40E-32CC-4313-85C4-E94E6441C4E3}.Release|x64.Build.0 = Release|x64
		{A5DCC40E-32CC-4313-85C4-E94E6441C4E3}.WinAzureRelease|Any CPU.ActiveCfg = Debug|x64
		{A5DCC40E-32CC-4313-85C4-E94E6441C4E3}.WinAzureRelease|Any CPU.Build.0 = Debug|x64
		{A5DCC40E-32CC-4313-85C4-E94E6441C4E3}.WinAzureRelease|x64.ActiveCfg = Release|x64
		{A5DCC40E-32CC-4313-85C4-E94E6441C4E3}.WinAzureRelease|x64.Build.0 = Release|x64
		{A5DCC40E-32CC-4313-85C4-E94E6441C4E3}.WinAzureTest|Any CPU.ActiveCfg = Debug|x64
		{A5DCC40E-32CC-4313-85C4-E94E6441C4E3}.WinAzureTest|Any CPU.Build.0 = Debug|x64
		{A5DCC40E-32CC-4313-85C4-E94E6441C4E3}.WinAzureTest|x64.ActiveCfg = WinRelease|x64
		{A5DCC40E-32CC-4313-85C4-E94E6441C4E3}.WinAzureTest|x64.Build.0 = WinRelease|x64
		{A5DCC40E-32CC-4313-85C4-E94E6441C4E3}.WinDebug|Any CPU.ActiveCfg = Debug|x64
		{A5DCC40E-32CC-4313-85C4-E94E6441C4E3}.WinDebug|Any CPU.Build.0 = Debug|x64
		{A5DCC40E-32CC-4313-85C4-E94E6441C4E3}.WinDebug|x64.ActiveCfg = Debug|x64
		{A5DCC40E-32CC-4313-85C4-E94E6441C4E3}.WinDebug|x64.Build.0 = Debug|x64
		{A5DCC40E-32CC-4313-85C4-E94E6441C4E3}.WinRelease|Any CPU.ActiveCfg = WinRelease|x64
		{A5DCC40E-32CC-4313-85C4-E94E6441C4E3}.WinRelease|x64.ActiveCfg = WinRelease|x64
		{A5DCC40E-32CC-4313-85C4-E94E6441C4E3}.WinRelease|x64.Build.0 = WinRelease|x64
		{A5DCC40E-32CC-4313-85C4-E94E6441C4E3}.WPFDebug|Any CPU.ActiveCfg = Debug|x64
		{A5DCC40E-32CC-4313-85C4-E94E6441C4E3}.WPFDebug|Any CPU.Build.0 = Debug|x64
		{A5DCC40E-32CC-4313-85C4-E94E6441C4E3}.WPFDebug|x64.ActiveCfg = Debug|x64
		{A5DCC40E-32CC-4313-85C4-E94E6441C4E3}.WPFDebug|x64.Build.0 = Debug|x64
		{A5DCC40E-32CC-4313-85C4-E94E6441C4E3}.WPFRelease|Any CPU.ActiveCfg = Debug|x64
		{A5DCC40E-32CC-4313-85C4-E94E6441C4E3}.WPFRelease|Any CPU.Build.0 = Debug|x64
		{A5DCC40E-32CC-4313-85C4-E94E6441C4E3}.WPFRelease|x64.ActiveCfg = Release|x64
		{A5DCC40E-32CC-4313-85C4-E94E6441C4E3}.WPFRelease|x64.Build.0 = Release|x64
		{CD22CCA5-4AB3-4BC3-9206-72130F2F06F3}.Debug|Any CPU.ActiveCfg = WPFDebug|x64
		{CD22CCA5-4AB3-4BC3-9206-72130F2F06F3}.Debug|Any CPU.Build.0 = WPFDebug|x64
		{CD22CCA5-4AB3-4BC3-9206-72130F2F06F3}.Debug|x64.ActiveCfg = WPFDebug|x64
		{CD22CCA5-4AB3-4BC3-9206-72130F2F06F3}.Debug|x64.Build.0 = WPFDebug|x64
		{CD22CCA5-4AB3-4BC3-9206-72130F2F06F3}.Game1Debug|Any CPU.ActiveCfg = WPFDebug|x64
		{CD22CCA5-4AB3-4BC3-9206-72130F2F06F3}.Game1Debug|Any CPU.Build.0 = WPFDebug|x64
		{CD22CCA5-4AB3-4BC3-9206-72130F2F06F3}.Game1Debug|x64.ActiveCfg = WPFDebug|x64
		{CD22CCA5-4AB3-4BC3-9206-72130F2F06F3}.Game1Debug|x64.Build.0 = WPFDebug|x64
		{CD22CCA5-4AB3-4BC3-9206-72130F2F06F3}.Game2Debug|Any CPU.ActiveCfg = WPFDebug|x64
		{CD22CCA5-4AB3-4BC3-9206-72130F2F06F3}.Game2Debug|Any CPU.Build.0 = WPFDebug|x64
		{CD22CCA5-4AB3-4BC3-9206-72130F2F06F3}.Game2Debug|x64.ActiveCfg = WPFDebug|x64
		{CD22CCA5-4AB3-4BC3-9206-72130F2F06F3}.Game2Debug|x64.Build.0 = WPFDebug|x64
		{CD22CCA5-4AB3-4BC3-9206-72130F2F06F3}.Game2Release|Any CPU.ActiveCfg = WPFDebug|x64
		{CD22CCA5-4AB3-4BC3-9206-72130F2F06F3}.Game2Release|Any CPU.Build.0 = WPFDebug|x64
		{CD22CCA5-4AB3-4BC3-9206-72130F2F06F3}.Game2Release|x64.ActiveCfg = WPFRelease|x64
		{CD22CCA5-4AB3-4BC3-9206-72130F2F06F3}.Game2Release|x64.Build.0 = WPFRelease|x64
		{CD22CCA5-4AB3-4BC3-9206-72130F2F06F3}.Release|Any CPU.ActiveCfg = WPFDebug|x64
		{CD22CCA5-4AB3-4BC3-9206-72130F2F06F3}.Release|Any CPU.Build.0 = WPFDebug|x64
		{CD22CCA5-4AB3-4BC3-9206-72130F2F06F3}.Release|x64.ActiveCfg = WPFRelease|x64
		{CD22CCA5-4AB3-4BC3-9206-72130F2F06F3}.Release|x64.Build.0 = WPFRelease|x64
		{CD22CCA5-4AB3-4BC3-9206-72130F2F06F3}.WinAzureRelease|Any CPU.ActiveCfg = WPFDebug|x64
		{CD22CCA5-4AB3-4BC3-9206-72130F2F06F3}.WinAzureRelease|Any CPU.Build.0 = WPFDebug|x64
		{CD22CCA5-4AB3-4BC3-9206-72130F2F06F3}.WinAzureRelease|x64.ActiveCfg = WinRelease|x64
		{CD22CCA5-4AB3-4BC3-9206-72130F2F06F3}.WinAzureRelease|x64.Build.0 = WinRelease|x64
		{CD22CCA5-4AB3-4BC3-9206-72130F2F06F3}.WinAzureTest|Any CPU.ActiveCfg = WPFDebug|x64
		{CD22CCA5-4AB3-4BC3-9206-72130F2F06F3}.WinAzureTest|Any CPU.Build.0 = WPFDebug|x64
		{CD22CCA5-4AB3-4BC3-9206-72130F2F06F3}.WinAzureTest|x64.ActiveCfg = WinRelease|x64
		{CD22CCA5-4AB3-4BC3-9206-72130F2F06F3}.WinAzureTest|x64.Build.0 = WinRelease|x64
		{CD22CCA5-4AB3-4BC3-9206-72130F2F06F3}.WinDebug|Any CPU.ActiveCfg = WPFDebug|x64
		{CD22CCA5-4AB3-4BC3-9206-72130F2F06F3}.WinDebug|Any CPU.Build.0 = WPFDebug|x64
		{CD22CCA5-4AB3-4BC3-9206-72130F2F06F3}.WinDebug|x64.ActiveCfg = WinRelease|x64
		{CD22CCA5-4AB3-4BC3-9206-72130F2F06F3}.WinDebug|x64.Build.0 = WinRelease|x64
		{CD22CCA5-4AB3-4BC3-9206-72130F2F06F3}.WinRelease|Any CPU.ActiveCfg = WinRelease|x64
		{CD22CCA5-4AB3-4BC3-9206-72130F2F06F3}.WinRelease|x64.ActiveCfg = WinRelease|x64
		{CD22CCA5-4AB3-4BC3-9206-72130F2F06F3}.WinRelease|x64.Build.0 = WinRelease|x64
		{CD22CCA5-4AB3-4BC3-9206-72130F2F06F3}.WPFDebug|Any CPU.ActiveCfg = WPFDebug|x64
		{CD22CCA5-4AB3-4BC3-9206-72130F2F06F3}.WPFDebug|x64.ActiveCfg = WPFDebug|x64
		{CD22CCA5-4AB3-4BC3-9206-72130F2F06F3}.WPFDebug|x64.Build.0 = WPFDebug|x64
		{CD22CCA5-4AB3-4BC3-9206-72130F2F06F3}.WPFRelease|Any CPU.ActiveCfg = WPFRelease|x64
		{CD22CCA5-4AB3-4BC3-9206-72130F2F06F3}.WPFRelease|x64.ActiveCfg = WPFRelease|x64
		{CD22CCA5-4AB3-4BC3-9206-72130F2F06F3}.WPFRelease|x64.Build.0 = WPFRelease|x64
	EndGlobalSection
	GlobalSection(SolutionProperties) = preSolution
		HideSolutionNode = FALSE
	EndGlobalSection
	GlobalSection(ExtensibilityGlobals) = postSolution
		SolutionGuid = {7F307BD3-C4EC-4DA8-A4FE-913E7BA3A5C9}
	EndGlobalSection
EndGlobal
